
Microsoft Visual Studio Solution File, Format Version 12.00
# Visual Studio Version 16
VisualStudioVersion = 16.0.30204.135
MinimumVisualStudioVersion = 10.0.40219.1
Project("{FAE04EC0-301F-11D3-BF4B-00C04F79EFBC}") = "WebApp_Links", "WebApp_Links.csproj", "{8C51E1DA-F7EE-4154-A27B-EC61903E836E}"
EndProject
Global
	GlobalSection(SolutionConfigurationPlatforms) = preSolution
		Debug|Any CPU = Debug|Any CPU
		Release|Any CPU = Release|Any CPU
	EndGlobalSection
	GlobalSection(ProjectConfigurationPlatforms) = postSolution
		{8C51E1DA-F7EE-4154-A27B-EC61903E836E}.Debug|Any CPU.ActiveCfg = Debug|Any CPU
		{8C51E1DA-F7EE-4154-A27B-EC61903E836E}.Debug|Any CPU.Build.0 = Debug|Any CPU
		{8C51E1DA-F7EE-4154-A27B-EC61903E836E}.Release|Any CPU.ActiveCfg = Release|Any CPU
		{8C51E1DA-F7EE-4154-A27B-EC61903E836E}.Release|Any CPU.Build.0 = Release|Any CPU
	EndGlobalSection
	GlobalSection(SolutionProperties) = preSolution
		HideSolutionNode = FALSE
	EndGlobalSection
	GlobalSection(ExtensibilityGlobals) = postSolution
		SolutionGuid = {ACAEC71A-F006-4466-8CBB-FA5030DF93B0}
	EndGlobalSection
EndGlobal
